// !$*UTF8*$!
{
	archiveVersion = 1;
	classes = {
	};
	objectVersion = 110;
	objects = {

/* Begin PBXContainerItemProxy section */
		A1067BA3306DE17C00F02F01 /* PBXContainerItemProxy */ = {
			isa = PBXContainerItemProxy;
			containerPortal = A1067B8D306DE17A00F02F01 /* Project object */;
			proxyType = 1;
			remoteGlobalIDString = A1067B94306DE17A00F02F01;
			remoteInfo = "TaskFlow-Ch9";
		};
		A1067BAD306DE17C00F02F01 /* PBXContainerItemProxy */ = {
			isa = PBXContainerItemProxy;
			containerPortal = A1067B8D306DE17A00F02F01 /* Project object */;
			proxyType = 1;
			remoteGlobalIDString = A1067B94306DE17A00F02F01;
			remoteInfo = "TaskFlow-Ch9";
		};
/* End PBXContainerItemProxy section */

/* Begin PBXFileReference section */
		A1067B95306DE17A00F02F01 /* TaskFlow-Ch9.app */ = {isa = PBXFileReference; explicitFileType = wrapper.application; includeInIndex = 0; path = "TaskFlow-Ch9.app"; sourceTree = BUILT_PRODUCTS_DIR; };
		A1067BA2306DE17C00F02F01 /* TaskFlow-Ch9Tests.xctest */ = {isa = PBXFileReference; explicitFileType = wrapper.cfbundle; includeInIndex = 0; path = "TaskFlow-Ch9Tests.xctest"; sourceTree = BUILT_PRODUCTS_DIR; };
		A1067BAC306DE17C00F02F01 /* TaskFlow-Ch9UITests.xctest */ = {isa = PBXFileReference; explicitFileType = wrapper.cfbundle; includeInIndex = 0; path = "TaskFlow-Ch9UITests.xctest"; sourceTree = BUILT_PRODUCTS_DIR; };
/* End PBXFileReference section */

/* Begin PBXFileSystemSynchronizedRootGroup section */
		A1067B97306DE17A00F02F01 /* TaskFlow-Ch9 */ = {
			isa = PBXFileSystemSynchronizedRootGroup;
			path = "TaskFlow-Ch9";
			sourceTree = "<group>";
		};
		A1067BA5306DE17C00F02F01 /* TaskFlow-Ch9Tests */ = {
			isa = PBXFileSystemSynchronizedRootGroup;
			path = "TaskFlow-Ch9Tests";
			sourceTree = "<group>";
		};
		A1067BAF306DE17C00F02F01 /* TaskFlow-Ch9UITests */ = {
			isa = PBXFileSystemSynchronizedRootGroup;
			path = "TaskFlow-Ch9UITests";
			sourceTree = "<group>";
		};
/* End PBXFileSystemSynchronizedRootGroup section */

/* Begin PBXFrameworksBuildPhase section */
		A1067B92306DE17A00F02F01 /* Frameworks */ = {
			isa = PBXFrameworksBuildPhase;
			files = (
			);
		};
		A1067B9F306DE17C00F02F01 /* Frameworks */ = {
			isa = PBXFrameworksBuildPhase;
			files = (
			);
		};
		A1067BA9306DE17C00F02F01 /* Frameworks */ = {
			isa = PBXFrameworksBuildPhase;
			files = (
			);
		};
/* End PBXFrameworksBuildPhase section */

/* Begin PBXGroup section */
		A1067B8C306DE17A00F02F01 = {
			isa = PBXGroup;
			children = (
				A1067B97306DE17A00F02F01 /* TaskFlow-Ch9 */,
				A1067BA5306DE17C00F02F01 /* TaskFlow-Ch9Tests */,
				A1067BAF306DE17C00F02F01 /* TaskFlow-Ch9UITests */,
				A1067B96306DE17A00F02F01 /* Products */,
			);
			sourceTree = "<group>";
		};
		A1067B96306DE17A00F02F01 /* Products */ = {
			isa = PBXGroup;
			children = (
				A1067B95306DE17A00F02F01 /* TaskFlow-Ch9.app */,
				A1067BA2306DE17C00F02F01 /* TaskFlow-Ch9Tests.xctest */,
				A1067BAC306DE17C00F02F01 /* TaskFlow-Ch9UITests.xctest */,
			);
			name = Products;
			sourceTree = "<group>";
		};
/* End PBXGroup section */

/* Begin PBXNativeTarget section */
		A1067B94306DE17A00F02F01 /* TaskFlow-Ch9 */ = {
			isa = PBXNativeTarget;
			buildConfigurationList = A1067BB4306DE17C00F02F01 /* Build configuration list for PBXNativeTarget "TaskFlow-Ch9" */;
			buildPhases = (
				A1067B91306DE17A00F02F01 /* Sources */,
				A1067B92306DE17A00F02F01 /* Frameworks */,
				A1067B93306DE17A00F02F01 /* Resources */,
			);
			buildRules = (
			);
			fileSystemSynchronizedGroups = (
				A1067B97306DE17A00F02F01 /* TaskFlow-Ch9 */,
			);
			name = "TaskFlow-Ch9";
			productName = "TaskFlow-Ch9";
			productReference = A1067B95306DE17A00F02F01 /* TaskFlow-Ch9.app */;
			productType = "com.apple.product-type.application";
		};
		A1067BA1306DE17C00F02F01 /* TaskFlow-Ch9Tests */ = {
			isa = PBXNativeTarget;
			buildConfigurationList = A1067BB7306DE17C00F02F01 /* Build configuration list for PBXNativeTarget "TaskFlow-Ch9Tests" */;
			buildPhases = (
				A1067B9E306DE17C00F02F01 /* Sources */,
				A1067B9F306DE17C00F02F01 /* Frameworks */,
				A1067BA0306DE17C00F02F01 /* Resources */,
			);
			buildRules = (
			);
			dependencies = (
				A1067BA4306DE17C00F02F01 /* PBXTargetDependency */,
			);
			fileSystemSynchronizedGroups = (
				A1067BA5306DE17C00F02F01 /* TaskFlow-Ch9Tests */,
			);
			name = "TaskFlow-Ch9Tests";
			productName = "TaskFlow-Ch9Tests";
			productReference = A1067BA2306DE17C00F02F01 /* TaskFlow-Ch9Tests.xctest */;
			productType = "com.apple.product-type.bundle.unit-test";
		};
		A1067BAB306DE17C00F02F01 /* TaskFlow-Ch9UITests */ = {
			isa = PBXNativeTarget;
			buildConfigurationList = A1067BBA306DE17C00F02F01 /* Build configuration list for PBXNativeTarget "TaskFlow-Ch9UITests" */;
			buildPhases = (
				A1067BA8306DE17C00F02F01 /* Sources */,
				A1067BA9306DE17C00F02F01 /* Frameworks */,
				A1067BAA306DE17C00F02F01 /* Resources */,
			);
			buildRules = (
			);
			dependencies = (
				A1067BAE306DE17C00F02F01 /* PBXTargetDependency */,
			);
			fileSystemSynchronizedGroups = (
				A1067BAF306DE17C00F02F01 /* TaskFlow-Ch9UITests */,
			);
			name = "TaskFlow-Ch9UITests";
			productName = "TaskFlow-Ch9UITests";
			productReference = A1067BAC306DE17C00F02F01 /* TaskFlow-Ch9UITests.xctest */;
			productType = "com.apple.product-type.bundle.ui-testing";
		};
/* End PBXNativeTarget section */

/* Begin PBXProject section */
		A1067B8D306DE17A00F02F01 /* Project object */ = {
			isa = PBXProject;
			attributes = {
				BuildIndependentTargetsInParallel = 1;
				LastSwiftUpdateCheck = 2700;
				LastUpgradeCheck = 2700;
				TargetAttributes = {
					A1067B94306DE17A00F02F01 = {
						CreatedOnToolsVersion = 27.0;
					};
					A1067BA1306DE17C00F02F01 = {
						CreatedOnToolsVersion = 27.0;
						TestTargetID = A1067B94306DE17A00F02F01;
					};
					A1067BAB306DE17C00F02F01 = {
						CreatedOnToolsVersion = 27.0;
						TestTargetID = A1067B94306DE17A00F02F01;
					};
				};
			};
			buildConfigurationList = A1067B90306DE17A00F02F01 /* Build configuration list for PBXProject "TaskFlow-Ch9" */;
			developmentRegion = en;
			hasScannedForEncodings = 0;
			knownRegions = (
				en,
				Base,
			);
			mainGroup = A1067B8C306DE17A00F02F01;
			minimizedProjectReferenceProxies = 1;
			preferredProjectObjectVersion = 77;
			productRefGroup = A1067B96306DE17A00F02F01 /* Products */;
			projectDirPath = "";
			projectRoot = "";
			targets = (
				A1067B94306DE17A00F02F01 /* TaskFlow-Ch9 */,
				A1067BA1306DE17C00F02F01 /* TaskFlow-Ch9Tests */,
				A1067BAB306DE17C00F02F01 /* TaskFlow-Ch9UITests */,
			);
		};
/* End PBXProject section */

/* Begin PBXResourcesBuildPhase section */
		A1067B93306DE17A00F02F01 /* Resources */ = {
			isa = PBXResourcesBuildPhase;
			files = (
			);
		};
		A1067BA0306DE17C00F02F01 /* Resources */ = {
			isa = PBXResourcesBuildPhase;
			files = (
			);
		};
		A1067BAA306DE17C00F02F01 /* Resources */ = {
			isa = PBXResourcesBuildPhase;
			files = (
			);
		};
/* End PBXResourcesBuildPhase section */

/* Begin PBXSourcesBuildPhase section */
		A1067B91306DE17A00F02F01 /* Sources */ = {
			isa = PBXSourcesBuildPhase;
			files = (
			);
		};
		A1067B9E306DE17C00F02F01 /* Sources */ = {
			isa = PBXSourcesBuildPhase;
			files = (
			);
		};
		A1067BA8306DE17C00F02F01 /* Sources */ = {
			isa = PBXSourcesBuildPhase;
			files = (
			);
		};
/* End PBXSourcesBuildPhase section */

/* Begin PBXTargetDependency section */
		A1067BA4306DE17C00F02F01 /* PBXTargetDependency */ = {
			isa = PBXTargetDependency;
			target = A1067B94306DE17A00F02F01 /* TaskFlow-Ch9 */;
			targetProxy = A1067BA3306DE17C00F02F01 /* PBXContainerItemProxy */;
		};
		A1067BAE306DE17C00F02F01 /* PBXTargetDependency */ = {
			isa = PBXTargetDependency;
			target = A1067B94306DE17A00F02F01 /* TaskFlow-Ch9 */;
			targetProxy = A1067BAD306DE17C00F02F01 /* PBXContainerItemProxy */;
		};
/* End PBXTargetDependency section */

/* Begin XCBuildConfiguration section */
		A1067BB2306DE17C00F02F01 /* Debug configuration for PBXProject "TaskFlow-Ch9" */ = {
			isa = XCBuildConfiguration;
			buildSettings = {
				ALWAYS_SEARCH_USER_PATHS = NO;
				ASSETCATALOG_COMPILER_GENERATE_SWIFT_ASSET_SYMBOL_EXTENSIONS = YES;
				CLANG_ANALYZER_NONNULL = YES;
				CLANG_ANALYZER_NUMBER_OBJECT_CONVERSION = YES_AGGRESSIVE;
				CLANG_CXX_LANGUAGE_STANDARD = "gnu++20";
				CLANG_ENABLE_MODULES = YES;
				CLANG_ENABLE_OBJC_ARC = YES;
				CLANG_ENABLE_OBJC_WEAK = YES;
				CLANG_WARN_BLOCK_CAPTURE_AUTORELEASING = YES;
				CLANG_WARN_BOOL_CONVERSION = YES;
				CLANG_WARN_COMMA = YES;
				CLANG_WARN_CONSTANT_CONVERSION = YES;
				CLANG_WARN_DEPRECATED_OBJC_IMPLEMENTATIONS = YES;
				CLANG_WARN_DIRECT_OBJC_ISA_USAGE = YES_ERROR;
				CLANG_WARN_DOCUMENTATION_COMMENTS = YES;
				CLANG_WARN_EMPTY_BODY = YES;
				CLANG_WARN_ENUM_CONVERSION = YES;
				CLANG_WARN_INFINITE_RECURSION = YES;
				CLANG_WARN_INT_CONVERSION = YES;
				CLANG_WARN_NON_LITERAL_NULL_CONVERSION = YES;
				CLANG_WARN_OBJC_IMPLICIT_RETAIN_SELF = YES;
				CLANG_WARN_OBJC_LITERAL_CONVERSION = YES;
				CLANG_WARN_OBJC_ROOT_CLASS = YES_ERROR;
				CLANG_WARN_QUOTED_INCLUDE_IN_FRAMEWORK_HEADER = YES;
				CLANG_WARN_RANGE_LOOP_ANALYSIS = YES;
				CLANG_WARN_STRICT_PROTOTYPES = YES;
				CLANG_WARN_SUSPICIOUS_MOVE = YES;
				CLANG_WARN_UNGUARDED_AVAILABILITY = YES_AGGRESSIVE;
				CLANG_WARN_UNREACHABLE_CODE = YES;
				CLANG_WARN__DUPLICATE_METHOD_MATCH = YES;
				COPY_PHASE_STRIP = NO;
				DEBUG_INFORMATION_FORMAT = dwarf;
				ENABLE_STRICT_OBJC_MSGSEND = YES;
				ENABLE_TESTABILITY = YES;
				ENABLE_USER_SCRIPT_SANDBOXING = YES;
				GCC_C_LANGUAGE_STANDARD = gnu17;
				GCC_DYNAMIC_NO_PIC = NO;
				GCC_NO_COMMON_BLOCKS = YES;
				GCC_OPTIMIZATION_LEVEL = 0;
				GCC_PREPROCESSOR_DEFINITIONS = (
					"DEBUG=1",
					"$(inherited)",
				);
				GCC_WARN_64_TO_32_BIT_CONVERSION = YES;
				GCC_WARN_ABOUT_RETURN_TYPE = YES_ERROR;
				GCC_WARN_UNDECLARED_SELECTOR = YES;
				GCC_WARN_UNINITIALIZED_AUTOS = YES_AGGRESSIVE;
				GCC_WARN_UNUSED_FUNCTION = YES;
				GCC_WARN_UNUSED_VARIABLE = YES;
				LOCALIZATION_PREFERS_STRING_CATALOGS = YES;
				MTL_ENABLE_DEBUG_INFO = INCLUDE_SOURCE;
				MTL_FAST_MATH = YES;
				ONLY_ACTIVE_ARCH = YES;
				SWIFT_ACTIVE_COMPILATION_CONDITIONS = "DEBUG $(inherited)";
				SWIFT_OPTIMIZATION_LEVEL = "-Onone";
			};
			name = Debug;
		};
		A1067BB3306DE17C00F02F01 /* Release configuration for PBXProject "TaskFlow-Ch9" */ = {
			isa = XCBuildConfiguration;
			buildSettings = {
				ALWAYS_SEARCH_USER_PATHS = NO;
				ASSETCATALOG_COMPILER_GENERATE_SWIFT_ASSET_SYMBOL_EXTENSIONS = YES;
				CLANG_ANALYZER_NONNULL = YES;
				CLANG_ANALYZER_NUMBER_OBJECT_CONVERSION = YES_AGGRESSIVE;
				CLANG_CXX_LANGUAGE_STANDARD = "gnu++20";
				CLANG_ENABLE_MODULES = YES;
				CLANG_ENABLE_OBJC_ARC = YES;
				CLANG_ENABLE_OBJC_WEAK = YES;
				CLANG_WARN_BLOCK_CAPTURE_AUTORELEASING = YES;
				CLANG_WARN_BOOL_CONVERSION = YES;
				CLANG_WARN_COMMA = YES;
				CLANG_WARN_CONSTANT_CONVERSION = YES;
				CLANG_WARN_DEPRECATED_OBJC_IMPLEMENTATIONS = YES;
				CLANG_WARN_DIRECT_OBJC_ISA_USAGE = YES_ERROR;
				CLANG_WARN_DOCUMENTATION_COMMENTS = YES;
				CLANG_WARN_EMPTY_BODY = YES;
				CLANG_WARN_ENUM_CONVERSION = YES;
				CLANG_WARN_INFINITE_RECURSION = YES;
				CLANG_WARN_INT_CONVERSION = YES;
				CLANG_WARN_NON_LITERAL_NULL_CONVERSION = YES;
				CLANG_WARN_OBJC_IMPLICIT_RETAIN_SELF = YES;
				CLANG_WARN_OBJC_LITERAL_CONVERSION = YES;
				CLANG_WARN_OBJC_ROOT_CLASS = YES_ERROR;
				CLANG_WARN_QUOTED_INCLUDE_IN_FRAMEWORK_HEADER = YES;
				CLANG_WARN_RANGE_LOOP_ANALYSIS = YES;
				CLANG_WARN_STRICT_PROTOTYPES = YES;
				CLANG_WARN_SUSPICIOUS_MOVE = YES;
				CLANG_WARN_UNGUARDED_AVAILABILITY = YES_AGGRESSIVE;
				CLANG_WARN_UNREACHABLE_CODE = YES;
				CLANG_WARN__DUPLICATE_METHOD_MATCH = YES;
				COPY_PHASE_STRIP = NO;
				DEBUG_INFORMATION_FORMAT = "dwarf-with-dsym";
				ENABLE_NS_ASSERTIONS = NO;
				ENABLE_STRICT_OBJC_MSGSEND = YES;
				ENABLE_USER_SCRIPT_SANDBOXING = YES;
				GCC_C_LANGUAGE_STANDARD = gnu17;
				GCC_NO_COMMON_BLOCKS = YES;
				GCC_WARN_64_TO_32_BIT_CONVERSION = YES;
				GCC_WARN_ABOUT_RETURN_TYPE = YES_ERROR;
				GCC_WARN_UNDECLARED_SELECTOR = YES;
				GCC_WARN_UNINITIALIZED_AUTOS = YES_AGGRESSIVE;
				GCC_WARN_UNUSED_FUNCTION = YES;
				GCC_WARN_UNUSED_VARIABLE = YES;
				LOCALIZATION_PREFERS_STRING_CATALOGS = YES;
				MTL_ENABLE_DEBUG_INFO = NO;
				MTL_FAST_MATH = YES;
				SWIFT_COMPILATION_MODE = wholemodule;
			};
			name = Release;
		};
		A1067BB5306DE17C00F02F01 /* Debug configuration for PBXNativeTarget "TaskFlow-Ch9" */ = {
			isa = XCBuildConfiguration;
			buildSettings = {
				ASSETCATALOG_COMPILER_APPICON_NAME = AppIcon;
				ASSETCATALOG_COMPILER_GLOBAL_ACCENT_COLOR_NAME = AccentColor;
				CODE_SIGN_STYLE = Automatic;
				CURRENT_PROJECT_VERSION = 1;
				ENABLE_APP_SANDBOX = YES;
				ENABLE_PREVIEWS = YES;
				ENABLE_USER_SELECTED_FILES = readonly;
				GENERATE_INFOPLIST_FILE = YES;
				"INFOPLIST_KEY_UIApplicationSceneManifest_Generation[sdk=iphoneos*]" = YES;
				"INFOPLIST_KEY_UIApplicationSceneManifest_Generation[sdk=iphonesimulator*]" = YES;
				"INFOPLIST_KEY_UIApplicationSupportsIndirectInputEvents[sdk=iphoneos*]" = YES;
				"INFOPLIST_KEY_UIApplicationSupportsIndirectInputEvents[sdk=iphonesimulator*]" = YES;
				"INFOPLIST_KEY_UILaunchScreen_Generation[sdk=iphoneos*]" = YES;
				"INFOPLIST_KEY_UILaunchScreen_Generation[sdk=iphonesimulator*]" = YES;
				"INFOPLIST_KEY_UIStatusBarStyle[sdk=iphoneos*]" = UIStatusBarStyleDefault;
				"INFOPLIST_KEY_UIStatusBarStyle[sdk=iphonesimulator*]" = UIStatusBarStyleDefault;
				INFOPLIST_KEY_UISupportedInterfaceOrientations_iPad = "UIInterfaceOrientationPortrait UIInterfaceOrientationPortraitUpsideDown UIInterfaceOrientationLandscapeLeft UIInterfaceOrientationLandscapeRight";
				INFOPLIST_KEY_UISupportedInterfaceOrientations_iPhone = "UIInterfaceOrientationPortrait UIInterfaceOrientationLandscapeLeft UIInterfaceOrientationLandscapeRight";
				IPHONEOS_DEPLOYMENT_TARGET = 27.0;
				LD_RUNPATH_SEARCH_PATHS = "@executable_path/Frameworks";
				"LD_RUNPATH_SEARCH_PATHS[sdk=macosx*]" = "@executable_path/../Frameworks";
				MACOSX_DEPLOYMENT_TARGET = 27.0;
				MARKETING_VERSION = 1.0;
				PRODUCT_BUNDLE_IDENTIFIER = "TaskFlow-Ch9.TaskFlow-Ch9";
				PRODUCT_NAME = "$(TARGET_NAME)";
				REGISTER_APP_GROUPS = YES;
				SDKROOT = auto;
				STRING_CATALOG_GENERATE_SYMBOLS = YES;
				SUPPORTED_PLATFORMS = "iphoneos iphonesimulator macosx xros xrsimulator";
				SWIFT_APPROACHABLE_CONCURRENCY = YES;
				SWIFT_DEFAULT_ACTOR_ISOLATION = MainActor;
				SWIFT_EMIT_LOC_STRINGS = YES;
				SWIFT_UPCOMING_FEATURE_MEMBER_IMPORT_VISIBILITY = YES;
				SWIFT_VERSION = 5.0;
				TARGETED_DEVICE_FAMILY = "1,2,7";
				XROS_DEPLOYMENT_TARGET = 27.0;
			};
			name = Debug;
		};
		A1067BB6306DE17C00F02F01 /* Release configuration for PBXNativeTarget "TaskFlow-Ch9" */ = {
			isa = XCBuildConfiguration;
			buildSettings = {
				ASSETCATALOG_COMPILER_APPICON_NAME = AppIcon;
				ASSETCATALOG_COMPILER_GLOBAL_ACCENT_COLOR_NAME = AccentColor;
				CODE_SIGN_STYLE = Automatic;
				CURRENT_PROJECT_VERSION = 1;
				ENABLE_APP_SANDBOX = YES;
				ENABLE_PREVIEWS = YES;
				ENABLE_USER_SELECTED_FILES = readonly;
				GENERATE_INFOPLIST_FILE = YES;
				"INFOPLIST_KEY_UIApplicationSceneManifest_Generation[sdk=iphoneos*]" = YES;
				"INFOPLIST_KEY_UIApplicationSceneManifest_Generation[sdk=iphonesimulator*]" = YES;
				"INFOPLIST_KEY_UIApplicationSupportsIndirectInputEvents[sdk=iphoneos*]" = YES;
				"INFOPLIST_KEY_UIApplicationSupportsIndirectInputEvents[sdk=iphonesimulator*]" = YES;
				"INFOPLIST_KEY_UILaunchScreen_Generation[sdk=iphoneos*]" = YES;
				"INFOPLIST_KEY_UILaunchScreen_Generation[sdk=iphonesimulator*]" = YES;
				"INFOPLIST_KEY_UIStatusBarStyle[sdk=iphoneos*]" = UIStatusBarStyleDefault;
				"INFOPLIST_KEY_UIStatusBarStyle[sdk=iphonesimulator*]" = UIStatusBarStyleDefault;
				INFOPLIST_KEY_UISupportedInterfaceOrientations_iPad = "UIInterfaceOrientationPortrait UIInterfaceOrientationPortraitUpsideDown UIInterfaceOrientationLandscapeLeft UIInterfaceOrientationLandscapeRight";
				INFOPLIST_KEY_UISupportedInterfaceOrientations_iPhone = "UIInterfaceOrientationPortrait UIInterfaceOrientationLandscapeLeft UIInterfaceOrientationLandscapeRight";
				IPHONEOS_DEPLOYMENT_TARGET = 27.0;
				LD_RUNPATH_SEARCH_PATHS = "@executable_path/Frameworks";
				"LD_RUNPATH_SEARCH_PATHS[sdk=macosx*]" = "@executable_path/../Frameworks";
				MACOSX_DEPLOYMENT_TARGET = 27.0;
				MARKETING_VERSION = 1.0;
				PRODUCT_BUNDLE_IDENTIFIER = "TaskFlow-Ch9.TaskFlow-Ch9";
				PRODUCT_NAME = "$(TARGET_NAME)";
				REGISTER_APP_GROUPS = YES;
				SDKROOT = auto;
				STRING_CATALOG_GENERATE_SYMBOLS = YES;
				SUPPORTED_PLATFORMS = "iphoneos iphonesimulator macosx xros xrsimulator";
				SWIFT_APPROACHABLE_CONCURRENCY = YES;
				SWIFT_DEFAULT_ACTOR_ISOLATION = MainActor;
				SWIFT_EMIT_LOC_STRINGS = YES;
				SWIFT_UPCOMING_FEATURE_MEMBER_IMPORT_VISIBILITY = YES;
				SWIFT_VERSION = 5.0;
				TARGETED_DEVICE_FAMILY = "1,2,7";
				XROS_DEPLOYMENT_TARGET = 27.0;
			};
			name = Release;
		};
		A1067BB8306DE17C00F02F01 /* Debug configuration for PBXNativeTarget "TaskFlow-Ch9Tests" */ = {
			isa = XCBuildConfiguration;
			buildSettings = {
				BUNDLE_LOADER = "$(TEST_HOST)";
				CODE_SIGN_STYLE = Automatic;
				CURRENT_PROJECT_VERSION = 1;
				GENERATE_INFOPLIST_FILE = YES;
				IPHONEOS_DEPLOYMENT_TARGET = 27.0;
				MACOSX_DEPLOYMENT_TARGET = 27.0;
				MARKETING_VERSION = 1.0;
				PRODUCT_BUNDLE_IDENTIFIER = "TaskFlow-Ch9.TaskFlow-Ch9Tests";
				PRODUCT_NAME = "$(TARGET_NAME)";
				SDKROOT = auto;
				STRING_CATALOG_GENERATE_SYMBOLS = NO;
				SUPPORTED_PLATFORMS = "iphoneos iphonesimulator macosx xros xrsimulator";
				SWIFT_APPROACHABLE_CONCURRENCY = YES;
				SWIFT_EMIT_LOC_STRINGS = NO;
				SWIFT_UPCOMING_FEATURE_MEMBER_IMPORT_VISIBILITY = YES;
				SWIFT_VERSION = 5.0;
				TARGETED_DEVICE_FAMILY = "1,2,7";
				TEST_HOST = "$(BUILT_PRODUCTS_DIR)/TaskFlow-Ch9.app/$(BUNDLE_EXECUTABLE_FOLDER_PATH)/TaskFlow-Ch9";
				XROS_DEPLOYMENT_TARGET = 27.0;
			};
			name = Debug;
		};
		A1067BB9306DE17C00F02F01 /* Release configuration for PBXNativeTarget "TaskFlow-Ch9Tests" */ = {
			isa = XCBuildConfiguration;
			buildSettings = {
				BUNDLE_LOADER = "$(TEST_HOST)";
				CODE_SIGN_STYLE = Automatic;
				CURRENT_PROJECT_VERSION = 1;
				GENERATE_INFOPLIST_FILE = YES;
				IPHONEOS_DEPLOYMENT_TARGET = 27.0;
				MACOSX_DEPLOYMENT_TARGET = 27.0;
				MARKETING_VERSION = 1.0;
				PRODUCT_BUNDLE_IDENTIFIER = "TaskFlow-Ch9.TaskFlow-Ch9Tests";
				PRODUCT_NAME = "$(TARGET_NAME)";
				SDKROOT = auto;
				STRING_CATALOG_GENERATE_SYMBOLS = NO;
				SUPPORTED_PLATFORMS = "iphoneos iphonesimulator macosx xros xrsimulator";
				SWIFT_APPROACHABLE_CONCURRENCY = YES;
				SWIFT_EMIT_LOC_STRINGS = NO;
				SWIFT_UPCOMING_FEATURE_MEMBER_IMPORT_VISIBILITY = YES;
				SWIFT_VERSION = 5.0;
				TARGETED_DEVICE_FAMILY = "1,2,7";
				TEST_HOST = "$(BUILT_PRODUCTS_DIR)/TaskFlow-Ch9.app/$(BUNDLE_EXECUTABLE_FOLDER_PATH)/TaskFlow-Ch9";
				XROS_DEPLOYMENT_TARGET = 27.0;
			};
			name = Release;
		};
		A1067BBB306DE17C00F02F01 /* Debug configuration for PBXNativeTarget "TaskFlow-Ch9UITests" */ = {
			isa = XCBuildConfiguration;
			buildSettings = {
				CODE_SIGN_STYLE = Automatic;
				CURRENT_PROJECT_VERSION = 1;
				GENERATE_INFOPLIST_FILE = YES;
				IPHONEOS_DEPLOYMENT_TARGET = 27.0;
				MACOSX_DEPLOYMENT_TARGET = 27.0;
				MARKETING_VERSION = 1.0;
				PRODUCT_BUNDLE_IDENTIFIER = "TaskFlow-Ch9.TaskFlow-Ch9UITests";
				PRODUCT_NAME = "$(TARGET_NAME)";
				SDKROOT = auto;
				STRING_CATALOG_GENERATE_SYMBOLS = NO;
				SUPPORTED_PLATFORMS = "iphoneos iphonesimulator macosx xros xrsimulator";
				SWIFT_APPROACHABLE_CONCURRENCY = YES;
				SWIFT_EMIT_LOC_STRINGS = NO;
				SWIFT_UPCOMING_FEATURE_MEMBER_IMPORT_VISIBILITY = YES;
				SWIFT_VERSION = 5.0;
				TARGETED_DEVICE_FAMILY = "1,2,7";
				TEST_TARGET_NAME = "TaskFlow-Ch9";
				XROS_DEPLOYMENT_TARGET = 27.0;
			};
			name = Debug;
		};
		A1067BBC306DE17C00F02F01 /* Release configuration for PBXNativeTarget "TaskFlow-Ch9UITests" */ = {
			isa = XCBuildConfiguration;
			buildSettings = {
				CODE_SIGN_STYLE = Automatic;
				CURRENT_PROJECT_VERSION = 1;
				GENERATE_INFOPLIST_FILE = YES;
				IPHONEOS_DEPLOYMENT_TARGET = 27.0;
				MACOSX_DEPLOYMENT_TARGET = 27.0;
				MARKETING_VERSION = 1.0;
				PRODUCT_BUNDLE_IDENTIFIER = "TaskFlow-Ch9.TaskFlow-Ch9UITests";
				PRODUCT_NAME = "$(TARGET_NAME)";
				SDKROOT = auto;
				STRING_CATALOG_GENERATE_SYMBOLS = NO;
				SUPPORTED_PLATFORMS = "iphoneos iphonesimulator macosx xros xrsimulator";
				SWIFT_APPROACHABLE_CONCURRENCY = YES;
				SWIFT_EMIT_LOC_STRINGS = NO;
				SWIFT_UPCOMING_FEATURE_MEMBER_IMPORT_VISIBILITY = YES;
				SWIFT_VERSION = 5.0;
				TARGETED_DEVICE_FAMILY = "1,2,7";
				TEST_TARGET_NAME = "TaskFlow-Ch9";
				XROS_DEPLOYMENT_TARGET = 27.0;
			};
			name = Release;
		};
/* End XCBuildConfiguration section */

/* Begin XCConfigurationList section */
		A1067B90306DE17A00F02F01 /* Build configuration list for PBXProject "TaskFlow-Ch9" */ = {
			isa = XCConfigurationList;
			buildConfigurations = (
				A1067BB2306DE17C00F02F01 /* Debug configuration for PBXProject "TaskFlow-Ch9" */,
				A1067BB3306DE17C00F02F01 /* Release configuration for PBXProject "TaskFlow-Ch9" */,
			);
			defaultConfigurationName = Release;
		};
		A1067BB4306DE17C00F02F01 /* Build configuration list for PBXNativeTarget "TaskFlow-Ch9" */ = {
			isa = XCConfigurationList;
			buildConfigurations = (
				A1067BB5306DE17C00F02F01 /* Debug configuration for PBXNativeTarget "TaskFlow-Ch9" */,
				A1067BB6306DE17C00F02F01 /* Release configuration for PBXNativeTarget "TaskFlow-Ch9" */,
			);
			defaultConfigurationName = Release;
		};
		A1067BB7306DE17C00F02F01 /* Build configuration list for PBXNativeTarget "TaskFlow-Ch9Tests" */ = {
			isa = XCConfigurationList;
			buildConfigurations = (
				A1067BB8306DE17C00F02F01 /* Debug configuration for PBXNativeTarget "TaskFlow-Ch9Tests" */,
				A1067BB9306DE17C00F02F01 /* Release configuration for PBXNativeTarget "TaskFlow-Ch9Tests" */,
			);
			defaultConfigurationName = Release;
		};
		A1067BBA306DE17C00F02F01 /* Build configuration list for PBXNativeTarget "TaskFlow-Ch9UITests" */ = {
			isa = XCConfigurationList;
			buildConfigurations = (
				A1067BBB306DE17C00F02F01 /* Debug configuration for PBXNativeTarget "TaskFlow-Ch9UITests" */,
				A1067BBC306DE17C00F02F01 /* Release configuration for PBXNativeTarget "TaskFlow-Ch9UITests" */,
			);
			defaultConfigurationName = Release;
		};
/* End XCConfigurationList section */
	};
	rootObject = A1067B8D306DE17A00F02F01 /* Project object */;
	validationLevel = 1;
}
